
Microsoft Visual Studio Solution File, Format Version 12.00
# Visual Studio 15
Project("{FAE04EC0-301F-11D3-BF4B-00C04F79EFBC}") = "Assembly-CSharp", "Assembly-CSharp.csproj", "{3292DD76-8C74-C10B-7022-0E5B28DA0088}"
EndProject
Project("{FAE04EC0-301F-11D3-BF4B-00C04F79EFBC}") = "Assembly-CSharp-Editor", "Assembly-CSharp-Editor.csproj", "{2EF8959B-2D7E-8B22-731F-45EC74C88AFA}"
EndProject
Global
	GlobalSection(SolutionConfigurationPlatforms) = preSolution
		Debug|Any CPU = Debug|Any CPU
		Release|Any CPU = Release|Any CPU
	EndGlobalSection
	GlobalSection(ProjectConfigurationPlatforms) = postSolution
		{3292DD76-8C74-C10B-7022-0E5B28DA0088}.Debug|Any CPU.ActiveCfg = Debug|Any CPU
		{3292DD76-8C74-C10B-7022-0E5B28DA0088}.Debug|Any CPU.Build.0 = Debug|Any CPU
		{3292DD76-8C74-C10B-7022-0E5B28DA0088}.Release|Any CPU.ActiveCfg = Release|Any CPU
		{3292DD76-8C74-C10B-7022-0E5B28DA0088}.Release|Any CPU.Build.0 = Release|Any CPU
		{2EF8959B-2D7E-8B22-731F-45EC74C88AFA}.Debug|Any CPU.ActiveCfg = Debug|Any CPU
		{2EF8959B-2D7E-8B22-731F-45EC74C88AFA}.Debug|Any CPU.Build.0 = Debug|Any CPU
		{2EF8959B-2D7E-8B22-731F-45EC74C88AFA}.Release|Any CPU.ActiveCfg = Release|Any CPU
		{2EF8959B-2D7E-8B22-731F-45EC74C88AFA}.Release|Any CPU.Build.0 = Release|Any CPU
	EndGlobalSection
	GlobalSection(SolutionProperties) = preSolution
		HideSolutionNode = FALSE
	EndGlobalSection
EndGlobal
